PODS:
  - AFNetworking (4.0.1):
    - AFNetworking/NSURLSession (= 4.0.1)
    - AFNetworking/Reachability (= 4.0.1)
    - AFNetworking/Security (= 4.0.1)
    - AFNetworking/Serialization (= 4.0.1)
    - AFNetworking/UIKit (= 4.0.1)
  - AFNetworking/NSURLSession (4.0.1):
    - AFNetworking/Reachability
    - AFNetworking/Security
    - AFNetworking/Serialization
  - AFNetworking/Reachability (4.0.1)
  - AFNetworking/Security (4.0.1)
  - AFNetworking/Serialization (4.0.1)
  - AFNetworking/UIKit (4.0.1):
    - AFNetworking/NSURLSession
  - CocoaLumberjack (3.6.1):
    - CocoaLumberjack/Core (= 3.6.1)
  - CocoaLumberjack/Core (3.6.1)
  - GPUImage (0.1.7)
  - OpenCV (2.4.13.6)
  - Romo (0.5.1):
    - Romo/RMCore (= 0.5.1)
  - Romo/RMCharacter (0.5.1):
    - Romo/RMShared
  - Romo/RMCore (0.5.1):
    - Romo/RMShared
  - Romo/RMShared (0.5.1):
    - CocoaLumberjack
    - SocketRocket
  - Romo/RMVision (0.5.1):
    - CocoaLumberjack
    - GPUImage
    - OpenCV (~> 2.0)
    - Romo/RMShared
  - SocketRocket (0.5.1)

DEPENDENCIES:
  - AFNetworking (~> 4.0)
  - CocoaLumberjack
  - Romo
  - Romo/RMCharacter
  - Romo/RMVision

SPEC REPOS:
  trunk:
    - AFNetworking
    - CocoaLumberjack
    - GPUImage
    - OpenCV
    - Romo
    - SocketRocket

SPEC CHECKSUMS:
  AFNetworking: 7864c38297c79aaca1500c33288e429c3451fdce
  CocoaLumberjack: b17ae15142558d08bbacf69775fa10c4abbebcc9
  GPUImage: 733a5f0fab92df9de1c37ba9df520a833ccb406d
  OpenCV: cd36a3467c21572d658c2640488fe0d5a93ca192
  Romo: bdd6c682b825c4dd0f662cafe04e9c16eecf7259
  SocketRocket: d57c7159b83c3c6655745cd15302aa24b6bae531

PODFILE CHECKSUM: d89fedf07138f5780f79d0f11f0502eae8284f98

COCOAPODS: 1.9.1
