PODS:
  - AFNetworking (4.0.1):
    - AFNetworking/NSURLSession (= 4.0.1)
    - AFNetworking/Reachability (= 4.0.1)
    - AFNetworking/Security (= 4.0.1)
    - AFNetworking/Serialization (= 4.0.1)
    - AFNetworking/UIKit (= 4.0.1)
  - AFNetworking/NSURLSession (4.0.1):
    - AFNetworking/Reachability
    - AFNetworking/Security
    - AFNetworking/Serialization
  - AFNetworking/Reachability (4.0.1)
  - AFNetworking/Security (4.0.1)
  - AFNetworking/Serialization (4.0.1)
  - AFNetworking/UIKit (4.0.1):
    - AFNetworking/NSURLSession
  - CocoaLumberjack (3.6.2):
    - CocoaLumberjack/Core (= 3.6.2)
  - CocoaLumberjack/Core (3.6.2)
  - GPUImage (0.1.7)
  - OpenCV (2.4.13.6)
  - Romo (0.5.1):
    - Romo/RMCore (= 0.5.1)
  - Romo/RMCharacter (0.5.1):
    - Romo/RMShared
  - Romo/RMCore (0.5.1):
    - Romo/RMShared
  - Romo/RMShared (0.5.1):
    - CocoaLumberjack
    - SocketRocket
  - Romo/RMVision (0.5.1):
    - CocoaLumberjack
    - GPUImage
    - OpenCV (~> 2.0)
    - Romo/RMShared
  - SocketRocket (0.5.1)
  - UICKeyChainStore (2.2.1)

DEPENDENCIES:
  - AFNetworking (~> 4.0)
  - CocoaLumberjack
  - Romo
  - Romo/RMCharacter
  - Romo/RMVision
  - SocketRocket (from `https://github.com/Gkpsundar/SocketRocket.git`)
  - UICKeyChainStore

SPEC REPOS:
  trunk:
    - AFNetworking
    - CocoaLumberjack
    - GPUImage
    - OpenCV
    - Romo
    - UICKeyChainStore

EXTERNAL SOURCES:
  SocketRocket:
    :git: https://github.com/Gkpsundar/SocketRocket.git

CHECKOUT OPTIONS:
  SocketRocket:
    :commit: 064b2d2c83909832239a7d54aab046e32c4fed3e
    :git: https://github.com/Gkpsundar/SocketRocket.git

SPEC CHECKSUMS:
  AFNetworking: 7864c38297c79aaca1500c33288e429c3451fdce
  CocoaLumberjack: bd155f2dd06c0e0b03f876f7a3ee55693122ec94
  GPUImage: 733a5f0fab92df9de1c37ba9df520a833ccb406d
  OpenCV: cd36a3467c21572d658c2640488fe0d5a93ca192
  Romo: bdd6c682b825c4dd0f662cafe04e9c16eecf7259
  SocketRocket: dbb1554b8fc288ef8ef370d6285aeca7361be31e
  UICKeyChainStore: ba3bff2c762b12db1e516f395c837dd25298b05e

PODFILE CHECKSUM: b3696cdb1729ccdb9ac5d6402921eeb4216d217d

COCOAPODS: 1.10.0
