PODS:
  - AFNetworking (2.5.4):
    - AFNetworking/NSURLConnection (= 2.5.4)
    - AFNetworking/NSURLSession (= 2.5.4)
    - AFNetworking/Reachability (= 2.5.4)
    - AFNetworking/Security (= 2.5.4)
    - AFNetworking/Serialization (= 2.5.4)
    - AFNetworking/UIKit (= 2.5.4)
  - AFNetworking/NSURLConnection (2.5.4):
    - AFNetworking/Reachability
    - AFNetworking/Security
    - AFNetworking/Serialization
  - AFNetworking/NSURLSession (2.5.4):
    - AFNetworking/Reachability
    - AFNetworking/Security
    - AFNetworking/Serialization
  - AFNetworking/Reachability (2.5.4)
  - AFNetworking/Security (2.5.4)
  - AFNetworking/Serialization (2.5.4)
  - AFNetworking/UIKit (2.5.4):
    - AFNetworking/NSURLConnection
    - AFNetworking/NSURLSession
  - CocoaLumberjack (3.4.2):
    - CocoaLumberjack/Default (= 3.4.2)
    - CocoaLumberjack/Extensions (= 3.4.2)
  - CocoaLumberjack/Default (3.4.2)
  - CocoaLumberjack/Extensions (3.4.2):
    - CocoaLumberjack/Default
  - GPUImage (0.1.7)
  - OpenCV (2.4.13.6)
  - Romo (0.3.1):
    - Romo/RMCore (= 0.3.1)
  - Romo/RMCharacter (0.3.1):
    - Romo/RMShared
  - Romo/RMCore (0.3.1):
    - Romo/RMShared
  - Romo/RMShared (0.3.1):
    - CocoaLumberjack
    - SocketRocket
  - Romo/RMVision (0.3.1):
    - CocoaLumberjack
    - GPUImage
    - OpenCV (~> 2.0)
    - Romo/RMShared
  - SocketRocket (0.5.1)

DEPENDENCIES:
  - AFNetworking
  - CocoaLumberjack
  - Romo
  - Romo/RMCharacter
  - Romo/RMVision

SPEC REPOS:
  https://github.com/cocoapods/specs.git:
    - AFNetworking
    - CocoaLumberjack
    - GPUImage
    - OpenCV
    - Romo
    - SocketRocket

SPEC CHECKSUMS:
  AFNetworking: 05edc0ac4c4c8cf57bcf4b84be5b0744b6d8e71e
  CocoaLumberjack: db7cc9e464771f12054c22ff6947c5a58d43a0fd
  GPUImage: 733a5f0fab92df9de1c37ba9df520a833ccb406d
  OpenCV: cd36a3467c21572d658c2640488fe0d5a93ca192
  Romo: 08c7f7af874f740f293b8654ef95834a9a84b817
  SocketRocket: d57c7159b83c3c6655745cd15302aa24b6bae531

PODFILE CHECKSUM: a8da84ff950567e955fc7d6c58846c41ed6107b4

COCOAPODS: 1.7.0.beta.3
